<?xml version="1.0" encoding="UTF-8" standalone="yes" ?>
<CodeBlocks_project_file>
	<FileVersion major="1" minor="6" />
	<Project>
		<Option title="sokoban_base" />
		<Option pch_mode="2" />
		<Option compiler="gcc" />
		<Build>
			<Target title="Debug">
				<Option output="bin/Debug/sokoban_base" prefix_auto="1" extension_auto="1" />
				<Option object_output="obj/Debug/" />
				<Option type="1" />
				<Option compiler="gcc" />
				<Compiler>
					<Add option="-g" />
				</Compiler>
			</Target>
			<Target title="Release">
				<Option output="bin/Release/sokoban_base" prefix_auto="1" extension_auto="1" />
				<Option object_output="obj/Release/" />
				<Option type="1" />
				<Option compiler="gcc" />
				<Compiler>
					<Add option="-O2" />
				</Compiler>
				<Linker>
					<Add option="-s" />
				</Linker>
			</Target>
		</Build>
		<Compiler>
			<Add option="-Wall" />
			<Add option="-fexceptions" />
		</Compiler>
		<Linker>
			<Add option="dll/allegro_font-5.2.dll" />
			<Add option="dll/allegro_image-5.2.dll" />
			<Add option="dll/allegro_primitives-5.2.dll" />
			<Add option="dll/allegro-5.2.dll" />
		</Linker>
		<Unit filename="GraphicAllegro5.cpp" />
		<Unit filename="GraphicAllegro5.h" />
		<Unit filename="Maze.cpp" />
		<Unit filename="Maze.h" />
		<Unit filename="Node.h" />
		<Unit filename="Solver.cpp" />
		<Unit filename="Solver.h" />
		<Unit filename="main.cpp" />
		<Extensions>
			<code_completion />
			<envvars />
			<debugger />
		</Extensions>
	</Project>
</CodeBlocks_project_file>
